
Microsoft Visual Studio Solution File, Format Version 12.00
# Visual Studio Version 17
VisualStudioVersion = 17.4.33403.182
MinimumVisualStudioVersion = 10.0.40219.1
Project("{9A19103F-16F7-4668-BE54-9A1E7A4F7556}") = "WeatherAPIIntegration", "WeatherAPIIntegration.csproj", "{6B316018-22D3-4B70-BDEF-759012F6A6E0}"
EndProject
Project("{FAE04EC0-301F-11D3-BF4B-00C04F79EFBC}") = "WeatherAPIIntegration.Tests", "..\WeatherAPIIntegration.Tests\WeatherAPIIntegration.Tests.csproj", "{23063647-7F08-444E-BADE-6B335729789A}"
EndProject
Global
	GlobalSection(SolutionConfigurationPlatforms) = preSolution
		Debug|Any CPU = Debug|Any CPU
		Release|Any CPU = Release|Any CPU
	EndGlobalSection
	GlobalSection(ProjectConfigurationPlatforms) = postSolution
		{6B316018-22D3-4B70-BDEF-759012F6A6E0}.Debug|Any CPU.ActiveCfg = Debug|Any CPU
		{6B316018-22D3-4B70-BDEF-759012F6A6E0}.Debug|Any CPU.Build.0 = Debug|Any CPU
		{6B316018-22D3-4B70-BDEF-759012F6A6E0}.Release|Any CPU.ActiveCfg = Release|Any CPU
		{6B316018-22D3-4B70-BDEF-759012F6A6E0}.Release|Any CPU.Build.0 = Release|Any CPU
		{23063647-7F08-444E-BADE-6B335729789A}.Debug|Any CPU.ActiveCfg = Debug|Any CPU
		{23063647-7F08-444E-BADE-6B335729789A}.Debug|Any CPU.Build.0 = Debug|Any CPU
		{23063647-7F08-444E-BADE-6B335729789A}.Release|Any CPU.ActiveCfg = Release|Any CPU
		{23063647-7F08-444E-BADE-6B335729789A}.Release|Any CPU.Build.0 = Release|Any CPU
	EndGlobalSection
	GlobalSection(SolutionProperties) = preSolution
		HideSolutionNode = FALSE
	EndGlobalSection
	GlobalSection(ExtensibilityGlobals) = postSolution
		SolutionGuid = {B7FA4E04-8950-496B-A0C4-4AE54BAD96D2}
	EndGlobalSection
EndGlobal
